// !$*UTF8*$!
{
	archiveVersion = 1;
	classes = {
	};
	objectVersion = 50;
	objects = {

/* Begin PBXBuildFile section */
		7D32DD9F214AD8D100353DCB /* AppDelegate.swift in Sources */ = {isa = PBXBuildFile; fileRef = 7D32DD9E214AD8D100353DCB /* AppDelegate.swift */; };
		7D32DDA1214AD8D100353DCB /* ViewController.swift in Sources */ = {isa = PBXBuildFile; fileRef = 7D32DDA0214AD8D100353DCB /* ViewController.swift */; };
		7D32DDA4214AD8D100353DCB /* Main.storyboard in Resources */ = {isa = PBXBuildFile; fileRef = 7D32DDA2214AD8D100353DCB /* Main.storyboard */; };
		7D32DDA6214AD8D200353DCB /* Assets.xcassets in Resources */ = {isa = PBXBuildFile; fileRef = 7D32DDA5214AD8D200353DCB /* Assets.xcassets */; };
		7D32DDA9214AD8D200353DCB /* LaunchScreen.storyboard in Resources */ = {isa = PBXBuildFile; fileRef = 7D32DDA7214AD8D200353DCB /* LaunchScreen.storyboard */; };
		7D32DDB1214B20FD00353DCB /* Snack.swift in Sources */ = {isa = PBXBuildFile; fileRef = 7D32DDB0214B20FD00353DCB /* Snack.swift */; };
		7D32DDB3214B211800353DCB /* SnacksTableViewCell.swift in Sources */ = {isa = PBXBuildFile; fileRef = 7D32DDB2214B211800353DCB /* SnacksTableViewCell.swift */; };
/* End PBXBuildFile section */

/* Begin PBXFileReference section */
		7D32DD9B214AD8D100353DCB /* StretchySnacks.app */ = {isa = PBXFileReference; explicitFileType = wrapper.application; includeInIndex = 0; path = StretchySnacks.app; sourceTree = BUILT_PRODUCTS_DIR; };
		7D32DD9E214AD8D100353DCB /* AppDelegate.swift */ = {isa = PBXFileReference; lastKnownFileType = sourcecode.swift; path = AppDelegate.swift; sourceTree = "<group>"; };
		7D32DDA0214AD8D100353DCB /* ViewController.swift */ = {isa = PBXFileReference; lastKnownFileType = sourcecode.swift; path = ViewController.swift; sourceTree = "<group>"; };
		7D32DDA3214AD8D100353DCB /* Base */ = {isa = PBXFileReference; lastKnownFileType = file.storyboard; name = Base; path = Base.lproj/Main.storyboard; sourceTree = "<group>"; };
		7D32DDA5214AD8D200353DCB /* Assets.xcassets */ = {isa = PBXFileReference; lastKnownFileType = folder.assetcatalog; path = Assets.xcassets; sourceTree = "<group>"; };
		7D32DDA8214AD8D200353DCB /* Base */ = {isa = PBXFileReference; lastKnownFileType = file.storyboard; name = Base; path = Base.lproj/LaunchScreen.storyboard; sourceTree = "<group>"; };
		7D32DDAA214AD8D200353DCB /* Info.plist */ = {isa = PBXFileReference; lastKnownFileType = text.plist.xml; path = Info.plist; sourceTree = "<group>"; };
		7D32DDB0214B20FD00353DCB /* Snack.swift */ = {isa = PBXFileReference; lastKnownFileType = sourcecode.swift; path = Snack.swift; sourceTree = "<group>"; };
		7D32DDB2214B211800353DCB /* SnacksTableViewCell.swift */ = {isa = PBXFileReference; lastKnownFileType = sourcecode.swift; path = SnacksTableViewCell.swift; sourceTree = "<group>"; };
/* End PBXFileReference section */

/* Begin PBXFrameworksBuildPhase section */
		7D32DD98214AD8D100353DCB /* Frameworks */ = {
			isa = PBXFrameworksBuildPhase;
			buildActionMask = 2147483647;
			files = (
			);
			runOnlyForDeploymentPostprocessing = 0;
		};
/* End PBXFrameworksBuildPhase section */

/* Begin PBXGroup section */
		7D32DD92214AD8D100353DCB = {
			isa = PBXGroup;
			children = (
				7D32DD9D214AD8D100353DCB /* StretchySnacks */,
				7D32DD9C214AD8D100353DCB /* Products */,
			);
			sourceTree = "<group>";
		};
		7D32DD9C214AD8D100353DCB /* Products */ = {
			isa = PBXGroup;
			children = (
				7D32DD9B214AD8D100353DCB /* StretchySnacks.app */,
			);
			name = Products;
			sourceTree = "<group>";
		};
		7D32DD9D214AD8D100353DCB /* StretchySnacks */ = {
			isa = PBXGroup;
			children = (
				7D32DD9E214AD8D100353DCB /* AppDelegate.swift */,
				7D32DDB7214B213700353DCB /* Model */,
				7D32DDB4214B211C00353DCB /* View */,
				7D32DDB6214B212D00353DCB /* Controller */,
				7D32DDB5214B212500353DCB /* Storyboards */,
				7D32DDA5214AD8D200353DCB /* Assets.xcassets */,
				7D32DDAA214AD8D200353DCB /* Info.plist */,
			);
			path = StretchySnacks;
			sourceTree = "<group>";
		};
		7D32DDB4214B211C00353DCB /* View */ = {
			isa = PBXGroup;
			children = (
				7D32DDB2214B211800353DCB /* SnacksTableViewCell.swift */,
			);
			path = View;
			sourceTree = "<group>";
		};
		7D32DDB5214B212500353DCB /* Storyboards */ = {
			isa = PBXGroup;
			children = (
				7D32DDA2214AD8D100353DCB /* Main.storyboard */,
				7D32DDA7214AD8D200353DCB /* LaunchScreen.storyboard */,
			);
			path = Storyboards;
			sourceTree = "<group>";
		};
		7D32DDB6214B212D00353DCB /* Controller */ = {
			isa = PBXGroup;
			children = (
				7D32DDA0214AD8D100353DCB /* ViewController.swift */,
			);
			path = Controller;
			sourceTree = "<group>";
		};
		7D32DDB7214B213700353DCB /* Model */ = {
			isa = PBXGroup;
			children = (
				7D32DDB0214B20FD00353DCB /* Snack.swift */,
			);
			path = Model;
			sourceTree = "<group>";
		};
/* End PBXGroup section */

/* Begin PBXNativeTarget section */
		7D32DD9A214AD8D100353DCB /* StretchySnacks */ = {
			isa = PBXNativeTarget;
			buildConfigurationList = 7D32DDAD214AD8D200353DCB /* Build configuration list for PBXNativeTarget "StretchySnacks" */;
			buildPhases = (
				7D32DD97214AD8D100353DCB /* Sources */,
				7D32DD98214AD8D100353DCB /* Frameworks */,
				7D32DD99214AD8D100353DCB /* Resources */,
			);
			buildRules = (
			);
			dependencies = (
			);
			name = StretchySnacks;
			productName = StretchySnacks;
			productReference = 7D32DD9B214AD8D100353DCB /* StretchySnacks.app */;
			productType = "com.apple.product-type.application";
		};
/* End PBXNativeTarget section */

/* Begin PBXProject section */
		7D32DD93214AD8D100353DCB /* Project object */ = {
			isa = PBXProject;
			attributes = {
				LastSwiftUpdateCheck = 0940;
				LastUpgradeCheck = 0940;
				ORGANIZATIONNAME = Jamie;
				TargetAttributes = {
					7D32DD9A214AD8D100353DCB = {
						CreatedOnToolsVersion = 9.4.1;
					};
				};
			};
			buildConfigurationList = 7D32DD96214AD8D100353DCB /* Build configuration list for PBXProject "StretchySnacks" */;
			compatibilityVersion = "Xcode 9.3";
			developmentRegion = en;
			hasScannedForEncodings = 0;
			knownRegions = (
				en,
				Base,
			);
			mainGroup = 7D32DD92214AD8D100353DCB;
			productRefGroup = 7D32DD9C214AD8D100353DCB /* Products */;
			projectDirPath = "";
			projectRoot = "";
			targets = (
				7D32DD9A214AD8D100353DCB /* StretchySnacks */,
			);
		};
/* End PBXProject section */

/* Begin PBXResourcesBuildPhase section */
		7D32DD99214AD8D100353DCB /* Resources */ = {
			isa = PBXResourcesBuildPhase;
			buildActionMask = 2147483647;
			files = (
				7D32DDA9214AD8D200353DCB /* LaunchScreen.storyboard in Resources */,
				7D32DDA6214AD8D200353DCB /* Assets.xcassets in Resources */,
				7D32DDA4214AD8D100353DCB /* Main.storyboard in Resources */,
			);
			runOnlyForDeploymentPostprocessing = 0;
		};
/* End PBXResourcesBuildPhase section */

/* Begin PBXSourcesBuildPhase section */
		7D32DD97214AD8D100353DCB /* Sources */ = {
			isa = PBXSourcesBuildPhase;
			buildActionMask = 2147483647;
			files = (
				7D32DDB1214B20FD00353DCB /* Snack.swift in Sources */,
				7D32DDA1214AD8D100353DCB /* ViewController.swift in Sources */,
				7D32DDB3214B211800353DCB /* SnacksTableViewCell.swift in Sources */,
				7D32DD9F214AD8D100353DCB /* AppDelegate.swift in Sources */,
			);
			runOnlyForDeploymentPostprocessing = 0;
		};
/* End PBXSourcesBuildPhase section */

/* Begin PBXVariantGroup section */
		7D32DDA2214AD8D100353DCB /* Main.storyboard */ = {
			isa = PBXVariantGroup;
			children = (
				7D32DDA3214AD8D100353DCB /* Base */,
			);
			name = Main.storyboard;
			sourceTree = "<group>";
		};
		7D32DDA7214AD8D200353DCB /* LaunchScreen.storyboard */ = {
			isa = PBXVariantGroup;
			children = (
				7D32DDA8214AD8D200353DCB /* Base */,
			);
			name = LaunchScreen.storyboard;
			sourceTree = "<group>";
		};
/* End PBXVariantGroup section */

/* Begin XCBuildConfiguration section */
		7D32DDAB214AD8D200353DCB /* Debug */ = {
			isa = XCBuildConfiguration;
			buildSettings = {
				ALWAYS_SEARCH_USER_PATHS = NO;
				CLANG_ANALYZER_NONNULL = YES;
				CLANG_ANALYZER_NUMBER_OBJECT_CONVERSION = YES_AGGRESSIVE;
				CLANG_CXX_LANGUAGE_STANDARD = "gnu++14";
				CLANG_CXX_LIBRARY = "libc++";
				CLANG_ENABLE_MODULES = YES;
				CLANG_ENABLE_OBJC_ARC = YES;
				CLANG_ENABLE_OBJC_WEAK = YES;
				CLANG_WARN_BLOCK_CAPTURE_AUTORELEASING = YES;
				CLANG_WARN_BOOL_CONVERSION = YES;
				CLANG_WARN_COMMA = YES;
				CLANG_WARN_CONSTANT_CONVERSION = YES;
				CLANG_WARN_DEPRECATED_OBJC_IMPLEMENTATIONS = YES;
				CLANG_WARN_DIRECT_OBJC_ISA_USAGE = YES_ERROR;
				CLANG_WARN_DOCUMENTATION_COMMENTS = YES;
				CLANG_WARN_EMPTY_BODY = YES;
				CLANG_WARN_ENUM_CONVERSION = YES;
				CLANG_WARN_INFINITE_RECURSION = YES;
				CLANG_WARN_INT_CONVERSION = YES;
				CLANG_WARN_NON_LITERAL_NULL_CONVERSION = YES;
				CLANG_WARN_OBJC_IMPLICIT_RETAIN_SELF = YES;
				CLANG_WARN_OBJC_LITERAL_CONVERSION = YES;
				CLANG_WARN_OBJC_ROOT_CLASS = YES_ERROR;
				CLANG_WARN_RANGE_LOOP_ANALYSIS = YES;
				CLANG_WARN_STRICT_PROTOTYPES = YES;
				CLANG_WARN_SUSPICIOUS_MOVE = YES;
				CLANG_WARN_UNGUARDED_AVAILABILITY = YES_AGGRESSIVE;
				CLANG_WARN_UNREACHABLE_CODE = YES;
				CLANG_WARN__DUPLICATE_METHOD_MATCH = YES;
				CODE_SIGN_IDENTITY = "iPhone Developer";
				COPY_PHASE_STRIP = NO;
				DEBUG_INFORMATION_FORMAT = dwarf;
				ENABLE_STRICT_OBJC_MSGSEND = YES;
				ENABLE_TESTABILITY = YES;
				GCC_C_LANGUAGE_STANDARD = gnu11;
				GCC_DYNAMIC_NO_PIC = NO;
				GCC_NO_COMMON_BLOCKS = YES;
				GCC_OPTIMIZATION_LEVEL = 0;
				GCC_PREPROCESSOR_DEFINITIONS = (
					"DEBUG=1",
					"$(inherited)",
				);
				GCC_WARN_64_TO_32_BIT_CONVERSION = YES;
				GCC_WARN_ABOUT_RETURN_TYPE = YES_ERROR;
				GCC_WARN_UNDECLARED_SELECTOR = YES;
				GCC_WARN_UNINITIALIZED_AUTOS = YES_AGGRESSIVE;
				GCC_WARN_UNUSED_FUNCTION = YES;
				GCC_WARN_UNUSED_VARIABLE = YES;
				IPHONEOS_DEPLOYMENT_TARGET = 11.4;
				MTL_ENABLE_DEBUG_INFO = YES;
				ONLY_ACTIVE_ARCH = YES;
				SDKROOT = iphoneos;
				SWIFT_ACTIVE_COMPILATION_CONDITIONS = DEBUG;
				SWIFT_OPTIMIZATION_LEVEL = "-Onone";
			};
			name = Debug;
		};
		7D32DDAC214AD8D200353DCB /* Release */ = {
			isa = XCBuildConfiguration;
			buildSettings = {
				ALWAYS_SEARCH_USER_PATHS = NO;
				CLANG_ANALYZER_NONNULL = YES;
				CLANG_ANALYZER_NUMBER_OBJECT_CONVERSION = YES_AGGRESSIVE;
				CLANG_CXX_LANGUAGE_STANDARD = "gnu++14";
				CLANG_CXX_LIBRARY = "libc++";
				CLANG_ENABLE_MODULES = YES;
				CLANG_ENABLE_OBJC_ARC = YES;
				CLANG_ENABLE_OBJC_WEAK = YES;
				CLANG_WARN_BLOCK_CAPTURE_AUTORELEASING = YES;
				CLANG_WARN_BOOL_CONVERSION = YES;
				CLANG_WARN_COMMA = YES;
				CLANG_WARN_CONSTANT_CONVERSION = YES;
				CLANG_WARN_DEPRECATED_OBJC_IMPLEMENTATIONS = YES;
				CLANG_WARN_DIRECT_OBJC_ISA_USAGE = YES_ERROR;
				CLANG_WARN_DOCUMENTATION_COMMENTS = YES;
				CLANG_WARN_EMPTY_BODY = YES;
				CLANG_WARN_ENUM_CONVERSION = YES;
				CLANG_WARN_INFINITE_RECURSION = YES;
				CLANG_WARN_INT_CONVERSION = YES;
				CLANG_WARN_NON_LITERAL_NULL_CONVERSION = YES;
				CLANG_WARN_OBJC_IMPLICIT_RETAIN_SELF = YES;
				CLANG_WARN_OBJC_LITERAL_CONVERSION = YES;
				CLANG_WARN_OBJC_ROOT_CLASS = YES_ERROR;
				CLANG_WARN_RANGE_LOOP_ANALYSIS = YES;
				CLANG_WARN_STRICT_PROTOTYPES = YES;
				CLANG_WARN_SUSPICIOUS_MOVE = YES;
				CLANG_WARN_UNGUARDED_AVAILABILITY = YES_AGGRESSIVE;
				CLANG_WARN_UNREACHABLE_CODE = YES;
				CLANG_WARN__DUPLICATE_METHOD_MATCH = YES;
				CODE_SIGN_IDENTITY = "iPhone Developer";
				COPY_PHASE_STRIP = NO;
				DEBUG_INFORMATION_FORMAT = "dwarf-with-dsym";
				ENABLE_NS_ASSERTIONS = NO;
				ENABLE_STRICT_OBJC_MSGSEND = YES;
				GCC_C_LANGUAGE_STANDARD = gnu11;
				GCC_NO_COMMON_BLOCKS = YES;
				GCC_WARN_64_TO_32_BIT_CONVERSION = YES;
				GCC_WARN_ABOUT_RETURN_TYPE = YES_ERROR;
				GCC_WARN_UNDECLARED_SELECTOR = YES;
				GCC_WARN_UNINITIALIZED_AUTOS = YES_AGGRESSIVE;
				GCC_WARN_UNUSED_FUNCTION = YES;
				GCC_WARN_UNUSED_VARIABLE = YES;
				IPHONEOS_DEPLOYMENT_TARGET = 11.4;
				MTL_ENABLE_DEBUG_INFO = NO;
				SDKROOT = iphoneos;
				SWIFT_COMPILATION_MODE = wholemodule;
				SWIFT_OPTIMIZATION_LEVEL = "-O";
				VALIDATE_PRODUCT = YES;
			};
			name = Release;
		};
		7D32DDAE214AD8D200353DCB /* Debug */ = {
			isa = XCBuildConfiguration;
			buildSettings = {
				ASSETCATALOG_COMPILER_APPICON_NAME = AppIcon;
				CODE_SIGN_STYLE = Automatic;
				DEVELOPMENT_TEAM = W7K9Q4Z2Y3;
				INFOPLIST_FILE = StretchySnacks/Info.plist;
				LD_RUNPATH_SEARCH_PATHS = (
					"$(inherited)",
					"@executable_path/Frameworks",
				);
				PRODUCT_BUNDLE_IDENTIFIER = "Feeny-Corp.StretchySnacks";
				PRODUCT_NAME = "$(TARGET_NAME)";
				SWIFT_VERSION = 4.0;
				TARGETED_DEVICE_FAMILY = "1,2";
			};
			name = Debug;
		};
		7D32DDAF214AD8D200353DCB /* Release */ = {
			isa = XCBuildConfiguration;
			buildSettings = {
				ASSETCATALOG_COMPILER_APPICON_NAME = AppIcon;
				CODE_SIGN_STYLE = Automatic;
				DEVELOPMENT_TEAM = W7K9Q4Z2Y3;
				INFOPLIST_FILE = StretchySnacks/Info.plist;
				LD_RUNPATH_SEARCH_PATHS = (
					"$(inherited)",
					"@executable_path/Frameworks",
				);
				PRODUCT_BUNDLE_IDENTIFIER = "Feeny-Corp.StretchySnacks";
				PRODUCT_NAME = "$(TARGET_NAME)";
				SWIFT_VERSION = 4.0;
				TARGETED_DEVICE_FAMILY = "1,2";
			};
			name = Release;
		};
/* End XCBuildConfiguration section */

/* Begin XCConfigurationList section */
		7D32DD96214AD8D100353DCB /* Build configuration list for PBXProject "StretchySnacks" */ = {
			isa = XCConfigurationList;
			buildConfigurations = (
				7D32DDAB214AD8D200353DCB /* Debug */,
				7D32DDAC214AD8D200353DCB /* Release */,
			);
			defaultConfigurationIsVisible = 0;
			defaultConfigurationName = Release;
		};
		7D32DDAD214AD8D200353DCB /* Build configuration list for PBXNativeTarget "StretchySnacks" */ = {
			isa = XCConfigurationList;
			buildConfigurations = (
				7D32DDAE214AD8D200353DCB /* Debug */,
				7D32DDAF214AD8D200353DCB /* Release */,
			);
			defaultConfigurationIsVisible = 0;
			defaultConfigurationName = Release;
		};
/* End XCConfigurationList section */
	};
	rootObject = 7D32DD93214AD8D100353DCB /* Project object */;
}
